
Microsoft Visual Studio Solution File, Format Version 12.00
Project("{FAE04EC0-301F-11D3-BF4B-00C04F79EFBC}") = "DiscordBot", "DiscordBot\DiscordBot.csproj", "{6C0A9001-99DA-46F4-999A-DBF21DA30A5B}"
EndProject
Global
	GlobalSection(SolutionConfigurationPlatforms) = preSolution
		Debug|Any CPU = Debug|Any CPU
		Release|Any CPU = Release|Any CPU
	EndGlobalSection
	GlobalSection(ProjectConfigurationPlatforms) = postSolution
		{92608241-61AC-40AD-8784-3018BD1C3E30}.Debug|Any CPU.ActiveCfg = Debug|Any CPU
		{92608241-61AC-40AD-8784-3018BD1C3E30}.Debug|Any CPU.Build.0 = Debug|Any CPU
		{92608241-61AC-40AD-8784-3018BD1C3E30}.Release|Any CPU.ActiveCfg = Release|Any CPU
		{92608241-61AC-40AD-8784-3018BD1C3E30}.Release|Any CPU.Build.0 = Release|Any CPU
		{6C0A9001-99DA-46F4-999A-DBF21DA30A5B}.Debug|Any CPU.ActiveCfg = Debug|Any CPU
		{6C0A9001-99DA-46F4-999A-DBF21DA30A5B}.Debug|Any CPU.Build.0 = Debug|Any CPU
		{6C0A9001-99DA-46F4-999A-DBF21DA30A5B}.Release|Any CPU.ActiveCfg = Release|Any CPU
		{6C0A9001-99DA-46F4-999A-DBF21DA30A5B}.Release|Any CPU.Build.0 = Release|Any CPU
	EndGlobalSection
EndGlobal
